{
  "lockfile_version": "1",
  "packages": {
    "gcc-unwrapped.lib": {
      "resolved": "github:NixOS/nixpkgs/75a52265bda7fd25e06e3a67dee3f0354e73243c#gcc-unwrapped.lib",
      "source": "nixpkg"
    },
    "poetry@1.6.1": {
      "last_modified": "2023-10-25T20:49:13Z",
      "plugin_version": "0.0.3",
      "resolved": "github:NixOS/nixpkgs/75a52265bda7fd25e06e3a67dee3f0354e73243c#poetry",
      "source": "devbox-search",
      "version": "1.6.1",
      "systems": {
        "aarch64-darwin": {
          "store_path": "/nix/store/wbmb98gib37yi5ckzink0svw71qa9hva-python3.11-poetry-1.6.1"
        },
        "aarch64-linux": {
          "store_path": "/nix/store/j4dks9q9i20yra6hcgfz2zsxidk75l3h-python3.11-poetry-1.6.1"
        },
        "x86_64-darwin": {
          "store_path": "/nix/store/xcr6invhkw0nk8awj092ahvfdh55li39-python3.11-poetry-1.6.1"
        },
        "x86_64-linux": {
          "store_path": "/nix/store/6qdiirzpwxkf9v1dd0dppdn5fvh6srhg-python3.11-poetry-1.6.1"
        }
      }
    },
    "python311Packages.pandas@2.0.3": {
      "last_modified": "2023-09-27T18:02:17Z",
      "resolved": "github:NixOS/nixpkgs/517501bcf14ae6ec47efd6a17dda0ca8e6d866f9#python311Packages.pandas",
      "source": "devbox-search",
      "version": "2.0.3",
      "systems": {
        "aarch64-darwin": {
          "store_path": "/nix/store/69f2cb6lf2zm1zr9rs75w60x635w8d9x-python3.11-pandas-2.0.3"
        },
        "aarch64-linux": {
          "store_path": "/nix/store/d8r8vy82dy1khjah1s3s8z8mhf6i7yqx-python3.11-pandas-2.0.3"
        },
        "x86_64-darwin": {
          "store_path": "/nix/store/n4qx8qc93vq4xzzgcnph2k6mqm1brgvp-python3.11-pandas-2.0.3"
        },
        "x86_64-linux": {
          "store_path": "/nix/store/axvxbll8f5rpmfc8h65llljbkv0vc1ih-python3.11-pandas-2.0.3"
        }
      }
    },
    "python@3.11": {
      "last_modified": "2023-10-25T20:49:13Z",
      "plugin_version": "0.0.1",
      "resolved": "github:NixOS/nixpkgs/75a52265bda7fd25e06e3a67dee3f0354e73243c#python3",
      "source": "devbox-search",
      "version": "3.11.5",
      "systems": {
        "aarch64-darwin": {
          "store_path": "/nix/store/9mp1h1bi1l6bd15bqwpd0mf57gyz1brd-python3-3.11.5"
        },
        "aarch64-linux": {
          "store_path": "/nix/store/nxxghhhia9x1skpqfak4z407yy0mbnnd-python3-3.11.5"
        },
        "x86_64-darwin": {
          "store_path": "/nix/store/6hy9npmilhl8aydbsrs849p7b819sv4v-python3-3.11.5"
        },
        "x86_64-linux": {
          "store_path": "/nix/store/ffll6glz3gwx342z0ch8wx30p5cnqz1z-python3-3.11.5"
        }
      }
    },
    "zlib@latest": {
      "last_modified": "2023-11-07T16:32:36Z",
      "resolved": "github:NixOS/nixpkgs/9b92dad3804b543a8b5db878aabf7132d601fa91#zlib",
      "source": "devbox-search",
      "version": "1.3",
      "systems": {
        "aarch64-darwin": {
          "store_path": "/nix/store/ycsnhmhjj1xwgx2ljqxnifgc8id3y4yy-zlib-1.3"
        },
        "aarch64-linux": {
          "store_path": "/nix/store/i6w8i3ps7x9cyyyvfif55rf1plvprp2f-zlib-1.3"
        },
        "x86_64-darwin": {
          "store_path": "/nix/store/qhvhxknspl6lsvbnyw99rbrriwgpry77-zlib-1.3"
        },
        "x86_64-linux": {
          "store_path": "/nix/store/s5gzrzha72q79v92wqq61x9ir8xiwbxk-zlib-1.3"
        }
      }
    }
  }
}
