{
  "lockfile_version": "1",
  "packages": {
    "poetry@1.6.1": {
      "last_modified": "2023-10-25T20:49:13Z",
      "plugin_version": "0.0.3",
      "resolved": "github:NixOS/nixpkgs/75a52265bda7fd25e06e3a67dee3f0354e73243c#poetry",
      "source": "devbox-search",
      "version": "1.6.1",
      "systems": {
        "aarch64-darwin": {
          "store_path": "/nix/store/wbmb98gib37yi5ckzink0svw71qa9hva-python3.11-poetry-1.6.1"
        },
        "aarch64-linux": {
          "store_path": "/nix/store/j4dks9q9i20yra6hcgfz2zsxidk75l3h-python3.11-poetry-1.6.1"
        },
        "x86_64-darwin": {
          "store_path": "/nix/store/xcr6invhkw0nk8awj092ahvfdh55li39-python3.11-poetry-1.6.1"
        },
        "x86_64-linux": {
          "store_path": "/nix/store/6qdiirzpwxkf9v1dd0dppdn5fvh6srhg-python3.11-poetry-1.6.1"
        }
      }
    },
    "python@3.11": {
      "last_modified": "2023-10-25T20:49:13Z",
      "plugin_version": "0.0.1",
      "resolved": "github:NixOS/nixpkgs/75a52265bda7fd25e06e3a67dee3f0354e73243c#python3",
      "source": "devbox-search",
      "version": "3.11.5",
      "systems": {
        "aarch64-darwin": {
          "store_path": "/nix/store/9mp1h1bi1l6bd15bqwpd0mf57gyz1brd-python3-3.11.5"
        },
        "aarch64-linux": {
          "store_path": "/nix/store/nxxghhhia9x1skpqfak4z407yy0mbnnd-python3-3.11.5"
        },
        "x86_64-darwin": {
          "store_path": "/nix/store/6hy9npmilhl8aydbsrs849p7b819sv4v-python3-3.11.5"
        },
        "x86_64-linux": {
          "store_path": "/nix/store/ffll6glz3gwx342z0ch8wx30p5cnqz1z-python3-3.11.5"
        }
      }
    }
  }
}
